
Microsoft Visual Studio Solution File, Format Version 12.00
# Visual Studio Version 17
VisualStudioVersion = 17.8.34525.116
MinimumVisualStudioVersion = 10.0.40219.1
Project("{8BC9CEB8-8B4A-11D0-8D11-00A0C91BC942}") = "lab5", "lab5.vcxproj", "{7F9A6E53-8CEC-4723-B13A-665A9671EF26}"
EndProject
Global
	GlobalSection(SolutionConfigurationPlatforms) = preSolution
		Debug|x64 = Debug|x64
		Debug|x86 = Debug|x86
		Release|x64 = Release|x64
		Release|x86 = Release|x86
	EndGlobalSection
	GlobalSection(ProjectConfigurationPlatforms) = postSolution
		{7F9A6E53-8CEC-4723-B13A-665A9671EF26}.Debug|x64.ActiveCfg = Debug|x64
		{7F9A6E53-8CEC-4723-B13A-665A9671EF26}.Debug|x64.Build.0 = Debug|x64
		{7F9A6E53-8CEC-4723-B13A-665A9671EF26}.Debug|x86.ActiveCfg = Debug|Win32
		{7F9A6E53-8CEC-4723-B13A-665A9671EF26}.Debug|x86.Build.0 = Debug|Win32
		{7F9A6E53-8CEC-4723-B13A-665A9671EF26}.Release|x64.ActiveCfg = Release|x64
		{7F9A6E53-8CEC-4723-B13A-665A9671EF26}.Release|x64.Build.0 = Release|x64
		{7F9A6E53-8CEC-4723-B13A-665A9671EF26}.Release|x86.ActiveCfg = Release|Win32
		{7F9A6E53-8CEC-4723-B13A-665A9671EF26}.Release|x86.Build.0 = Release|Win32
	EndGlobalSection
	GlobalSection(SolutionProperties) = preSolution
		HideSolutionNode = FALSE
	EndGlobalSection
	GlobalSection(ExtensibilityGlobals) = postSolution
		SolutionGuid = {89B67B9F-4717-4A0A-BFD9-E7BC22F98942}
	EndGlobalSection
EndGlobal
